
Microsoft Visual Studio Solution File, Format Version 12.00
# Visual Studio Version 16
VisualStudioVersion = 25.0.1703.0
MinimumVisualStudioVersion = 10.0.40219.1
Project("{FAE04EC0-301F-11D3-BF4B-00C04F79EFBC}") = "KenBox-csharp", "KenBox-csharp.csproj", "{5BF8A910-27AF-4569-B60A-DF3E67A7D361}"
EndProject
Global
	GlobalSection(SolutionConfigurationPlatforms) = preSolution
		Debug|Any CPU = Debug|Any CPU
		Release|Any CPU = Release|Any CPU
	EndGlobalSection
	GlobalSection(ProjectConfigurationPlatforms) = postSolution
		{5BF8A910-27AF-4569-B60A-DF3E67A7D361}.Debug|Any CPU.ActiveCfg = Debug|Any CPU
		{5BF8A910-27AF-4569-B60A-DF3E67A7D361}.Debug|Any CPU.Build.0 = Debug|Any CPU
		{5BF8A910-27AF-4569-B60A-DF3E67A7D361}.Release|Any CPU.ActiveCfg = Release|Any CPU
		{5BF8A910-27AF-4569-B60A-DF3E67A7D361}.Release|Any CPU.Build.0 = Release|Any CPU
	EndGlobalSection
	GlobalSection(SolutionProperties) = preSolution
		HideSolutionNode = FALSE
	EndGlobalSection
	GlobalSection(ExtensibilityGlobals) = postSolution
		SolutionGuid = {1899FC30-CB7A-4C3C-8BB6-B79991439DCC}
	EndGlobalSection
EndGlobal
